
Microsoft Visual Studio Solution File, Format Version 12.00
# Visual Studio Version 17
VisualStudioVersion = 17.8.34525.116
MinimumVisualStudioVersion = 10.0.40219.1
Project("{FAE04EC0-301F-11D3-BF4B-00C04F79EFBC}") = "BackgroundReader", "BackgroundReader\BackgroundReader.csproj", "{E6118329-043A-45BA-8132-2CED4F158BE8}"
EndProject
Global
	GlobalSection(SolutionConfigurationPlatforms) = preSolution
		Debug|Any CPU = Debug|Any CPU
		Release|Any CPU = Release|Any CPU
	EndGlobalSection
	GlobalSection(ProjectConfigurationPlatforms) = postSolution
		{E6118329-043A-45BA-8132-2CED4F158BE8}.Debug|Any CPU.ActiveCfg = Debug|Any CPU
		{E6118329-043A-45BA-8132-2CED4F158BE8}.Debug|Any CPU.Build.0 = Debug|Any CPU
		{E6118329-043A-45BA-8132-2CED4F158BE8}.Release|Any CPU.ActiveCfg = Release|Any CPU
		{E6118329-043A-45BA-8132-2CED4F158BE8}.Release|Any CPU.Build.0 = Release|Any CPU
	EndGlobalSection
	GlobalSection(SolutionProperties) = preSolution
		HideSolutionNode = FALSE
	EndGlobalSection
	GlobalSection(ExtensibilityGlobals) = postSolution
		SolutionGuid = {F42597E7-496E-440A-812E-70CE8CFDBDCB}
	EndGlobalSection
EndGlobal
